
Microsoft Visual Studio Solution File, Format Version 12.00
# Visual Studio Version 17
VisualStudioVersion = 17.3.32804.467
MinimumVisualStudioVersion = 10.0.40219.1
Project("{FAE04EC0-301F-11D3-BF4B-00C04F79EFBC}") = "OgrenciYonetimUygulamasi", "OgrenciYonetimUygulamasi\OgrenciYonetimUygulamasi.csproj", "{D6F31DC0-B0CD-4D20-A202-7B17CCE39228}"
EndProject
Global
	GlobalSection(SolutionConfigurationPlatforms) = preSolution
		Debug|Any CPU = Debug|Any CPU
		Release|Any CPU = Release|Any CPU
	EndGlobalSection
	GlobalSection(ProjectConfigurationPlatforms) = postSolution
		{D6F31DC0-B0CD-4D20-A202-7B17CCE39228}.Debug|Any CPU.ActiveCfg = Debug|Any CPU
		{D6F31DC0-B0CD-4D20-A202-7B17CCE39228}.Debug|Any CPU.Build.0 = Debug|Any CPU
		{D6F31DC0-B0CD-4D20-A202-7B17CCE39228}.Release|Any CPU.ActiveCfg = Release|Any CPU
		{D6F31DC0-B0CD-4D20-A202-7B17CCE39228}.Release|Any CPU.Build.0 = Release|Any CPU
	EndGlobalSection
	GlobalSection(SolutionProperties) = preSolution
		HideSolutionNode = FALSE
	EndGlobalSection
	GlobalSection(ExtensibilityGlobals) = postSolution
		SolutionGuid = {B1189557-7840-4DE1-B23C-AA6EF9403072}
	EndGlobalSection
EndGlobal
